
Microsoft Visual Studio Solution File, Format Version 12.00
# Visual Studio 15
VisualStudioVersion = 15.0.28010.2048
MinimumVisualStudioVersion = 10.0.40219.1
Project("{FAE04EC0-301F-11D3-BF4B-00C04F79EFBC}") = "SimpleMicRemote", "SimpleMicRemote\SimpleMicRemote\SimpleMicRemote.csproj", "{31F2EEFE-675E-4524-8D5C-8B5F74D52985}"
EndProject
Project("{FAE04EC0-301F-11D3-BF4B-00C04F79EFBC}") = "MisaCommon", "MisaCommon\MisaCommon\MisaCommon.csproj", "{FFB01105-5F72-41DF-97A9-B8FD513F1CB2}"
EndProject
Project("{FAE04EC0-301F-11D3-BF4B-00C04F79EFBC}") = "MisaCommonContent", "MisaCommon\MisaCommonContent\MisaCommonContent.csproj", "{ACAFCF90-7C8B-4686-AE0D-A128FD1AC062}"
EndProject
Project("{2150E333-8FDC-42A3-9474-1A3956D46DE8}") = "Solution Items", "Solution Items", "{A06537CA-84A4-45D7-96FE-05AB8F893003}"
	ProjectSection(SolutionItems) = preProject
		LICENSE = LICENSE
	EndProjectSection
EndProject
Global
	GlobalSection(SolutionConfigurationPlatforms) = preSolution
		Debug|Any CPU = Debug|Any CPU
		Debug|x64 = Debug|x64
		Debug|x86 = Debug|x86
		Release|Any CPU = Release|Any CPU
		Release|x64 = Release|x64
		Release|x86 = Release|x86
	EndGlobalSection
	GlobalSection(ProjectConfigurationPlatforms) = postSolution
		{31F2EEFE-675E-4524-8D5C-8B5F74D52985}.Debug|Any CPU.ActiveCfg = Debug|Any CPU
		{31F2EEFE-675E-4524-8D5C-8B5F74D52985}.Debug|Any CPU.Build.0 = Debug|Any CPU
		{31F2EEFE-675E-4524-8D5C-8B5F74D52985}.Debug|x64.ActiveCfg = Debug|Any CPU
		{31F2EEFE-675E-4524-8D5C-8B5F74D52985}.Debug|x64.Build.0 = Debug|Any CPU
		{31F2EEFE-675E-4524-8D5C-8B5F74D52985}.Debug|x86.ActiveCfg = Debug|Any CPU
		{31F2EEFE-675E-4524-8D5C-8B5F74D52985}.Debug|x86.Build.0 = Debug|Any CPU
		{31F2EEFE-675E-4524-8D5C-8B5F74D52985}.Release|Any CPU.ActiveCfg = Release|Any CPU
		{31F2EEFE-675E-4524-8D5C-8B5F74D52985}.Release|Any CPU.Build.0 = Release|Any CPU
		{31F2EEFE-675E-4524-8D5C-8B5F74D52985}.Release|x64.ActiveCfg = Release|Any CPU
		{31F2EEFE-675E-4524-8D5C-8B5F74D52985}.Release|x64.Build.0 = Release|Any CPU
		{31F2EEFE-675E-4524-8D5C-8B5F74D52985}.Release|x86.ActiveCfg = Release|Any CPU
		{31F2EEFE-675E-4524-8D5C-8B5F74D52985}.Release|x86.Build.0 = Release|Any CPU
		{FFB01105-5F72-41DF-97A9-B8FD513F1CB2}.Debug|Any CPU.ActiveCfg = Debug|Any CPU
		{FFB01105-5F72-41DF-97A9-B8FD513F1CB2}.Debug|Any CPU.Build.0 = Debug|Any CPU
		{FFB01105-5F72-41DF-97A9-B8FD513F1CB2}.Debug|x64.ActiveCfg = Debug|x64
		{FFB01105-5F72-41DF-97A9-B8FD513F1CB2}.Debug|x64.Build.0 = Debug|x64
		{FFB01105-5F72-41DF-97A9-B8FD513F1CB2}.Debug|x86.ActiveCfg = Debug|x86
		{FFB01105-5F72-41DF-97A9-B8FD513F1CB2}.Debug|x86.Build.0 = Debug|x86
		{FFB01105-5F72-41DF-97A9-B8FD513F1CB2}.Release|Any CPU.ActiveCfg = Release|Any CPU
		{FFB01105-5F72-41DF-97A9-B8FD513F1CB2}.Release|Any CPU.Build.0 = Release|Any CPU
		{FFB01105-5F72-41DF-97A9-B8FD513F1CB2}.Release|x64.ActiveCfg = Release|x64
		{FFB01105-5F72-41DF-97A9-B8FD513F1CB2}.Release|x64.Build.0 = Release|x64
		{FFB01105-5F72-41DF-97A9-B8FD513F1CB2}.Release|x86.ActiveCfg = Release|x86
		{FFB01105-5F72-41DF-97A9-B8FD513F1CB2}.Release|x86.Build.0 = Release|x86
		{ACAFCF90-7C8B-4686-AE0D-A128FD1AC062}.Debug|Any CPU.ActiveCfg = Debug|Any CPU
		{ACAFCF90-7C8B-4686-AE0D-A128FD1AC062}.Debug|Any CPU.Build.0 = Debug|Any CPU
		{ACAFCF90-7C8B-4686-AE0D-A128FD1AC062}.Debug|x64.ActiveCfg = Debug|x64
		{ACAFCF90-7C8B-4686-AE0D-A128FD1AC062}.Debug|x64.Build.0 = Debug|x64
		{ACAFCF90-7C8B-4686-AE0D-A128FD1AC062}.Debug|x86.ActiveCfg = Debug|x86
		{ACAFCF90-7C8B-4686-AE0D-A128FD1AC062}.Debug|x86.Build.0 = Debug|x86
		{ACAFCF90-7C8B-4686-AE0D-A128FD1AC062}.Release|Any CPU.ActiveCfg = Release|Any CPU
		{ACAFCF90-7C8B-4686-AE0D-A128FD1AC062}.Release|Any CPU.Build.0 = Release|Any CPU
		{ACAFCF90-7C8B-4686-AE0D-A128FD1AC062}.Release|x64.ActiveCfg = Release|x64
		{ACAFCF90-7C8B-4686-AE0D-A128FD1AC062}.Release|x64.Build.0 = Release|x64
		{ACAFCF90-7C8B-4686-AE0D-A128FD1AC062}.Release|x86.ActiveCfg = Release|x86
		{ACAFCF90-7C8B-4686-AE0D-A128FD1AC062}.Release|x86.Build.0 = Release|x86
	EndGlobalSection
	GlobalSection(SolutionProperties) = preSolution
		HideSolutionNode = FALSE
	EndGlobalSection
	GlobalSection(ExtensibilityGlobals) = postSolution
		SolutionGuid = {FAFF408C-BA45-4F26-83BB-5A065DF6C3C6}
	EndGlobalSection
EndGlobal
